
Microsoft Visual Studio Solution File, Format Version 12.00
# Visual Studio 15
VisualStudioVersion = 15.0.28307.572
MinimumVisualStudioVersion = 10.0.40219.1
Project("{FAE04EC0-301F-11D3-BF4B-00C04F79EFBC}") = "LearningAutoMapper", "LearningAutoMapper\LearningAutoMapper.csproj", "{B9892A4A-133B-4DFA-8AE1-D4279479908D}"
EndProject
Global
	GlobalSection(SolutionConfigurationPlatforms) = preSolution
		Debug|Any CPU = Debug|Any CPU
		Release|Any CPU = Release|Any CPU
	EndGlobalSection
	GlobalSection(ProjectConfigurationPlatforms) = postSolution
		{B9892A4A-133B-4DFA-8AE1-D4279479908D}.Debug|Any CPU.ActiveCfg = Debug|Any CPU
		{B9892A4A-133B-4DFA-8AE1-D4279479908D}.Debug|Any CPU.Build.0 = Debug|Any CPU
		{B9892A4A-133B-4DFA-8AE1-D4279479908D}.Release|Any CPU.ActiveCfg = Release|Any CPU
		{B9892A4A-133B-4DFA-8AE1-D4279479908D}.Release|Any CPU.Build.0 = Release|Any CPU
	EndGlobalSection
	GlobalSection(SolutionProperties) = preSolution
		HideSolutionNode = FALSE
	EndGlobalSection
	GlobalSection(ExtensibilityGlobals) = postSolution
		SolutionGuid = {A18A2250-C4C8-4D2A-B3A9-C24D034337D2}
	EndGlobalSection
EndGlobal
